
Microsoft Visual Studio Solution File, Format Version 12.00
# Visual Studio Version 17
VisualStudioVersion = 17.5.002.0
MinimumVisualStudioVersion = 10.0.40219.1
Project("{9A19103F-16F7-4668-BE54-9A1E7A4F7556}") = "Source", "Source.csproj", "{E31491A3-5395-415A-9CA2-68C4DC7BC1A1}"
EndProject
Global
	GlobalSection(SolutionConfigurationPlatforms) = preSolution
		Debug|Any CPU = Debug|Any CPU
		Release|Any CPU = Release|Any CPU
	EndGlobalSection
	GlobalSection(ProjectConfigurationPlatforms) = postSolution
		{E31491A3-5395-415A-9CA2-68C4DC7BC1A1}.Debug|Any CPU.ActiveCfg = Debug|Any CPU
		{E31491A3-5395-415A-9CA2-68C4DC7BC1A1}.Debug|Any CPU.Build.0 = Debug|Any CPU
		{E31491A3-5395-415A-9CA2-68C4DC7BC1A1}.Release|Any CPU.ActiveCfg = Release|Any CPU
		{E31491A3-5395-415A-9CA2-68C4DC7BC1A1}.Release|Any CPU.Build.0 = Release|Any CPU
	EndGlobalSection
	GlobalSection(SolutionProperties) = preSolution
		HideSolutionNode = FALSE
	EndGlobalSection
	GlobalSection(ExtensibilityGlobals) = postSolution
		SolutionGuid = {96A86569-B288-49A6-AE14-AC759FE3FE87}
	EndGlobalSection
EndGlobal
